# .maestro/templates.lock — AUTO-GENERATED by maestro sync-templates. DO NOT EDIT.

schema_version = 1

[files.".claude/commands/implement.md"]
provider = "claude"
command = "implement"
sha256 = "46363017d37e6901d1ebd517bdaa22a44dbaacc7c0ad9de1a2f56053982a4ca4"

[files.".claude/commands/plan-feature.md"]
provider = "claude"
command = "plan-feature"
sha256 = "2f0fbd1448cc1d918984c29b8a383b7816409db1b551677816f0ddf1caf2bbf4"

[files.".claude/commands/pushup.md"]
provider = "claude"
command = "pushup"
sha256 = "d57009cda214ca44982955588ebd365d26c7d735e19f4c196dfcbeb2bfb843a2"

[files.".claude/commands/simplify.md"]
provider = "claude"
command = "simplify"
sha256 = "ebeb28395fa1d6598a9a944154d6c5ff352c1f15dbc0ecc24a4ecf2b0fe618c1"
