# .maestro/templates.lock — AUTO-GENERATED by maestro sync-templates. DO NOT EDIT.

schema_version = 1

[files.".claude/commands/implement.md"]
provider = "claude"
command = "implement"
sha256 = "2b41e840d26886a3118969b369ad1a12d7fa051478bef6e940ca3e1a2b5b3adf"

[files.".claude/commands/plan-feature.md"]
provider = "claude"
command = "plan-feature"
sha256 = "13432433bcec294866608875aee60d8dba6f74b229009252111ccc9bbe023fcc"

[files.".claude/commands/pushup.md"]
provider = "claude"
command = "pushup"
sha256 = "e4237a6cf5436a388713d01bc231f3be32efc459b327e5794bdcb9790d4482d2"

[files.".claude/commands/simplify.md"]
provider = "claude"
command = "simplify"
sha256 = "3b2c71a6ac77a7beee497df5385bb9d6b218ce67f300570b1559e6f7a235d423"
